
Microsoft Visual Studio Solution File, Format Version 11.00
# Visual C# Express 2010
Project("{FAE04EC0-301F-11D3-BF4B-00C04F79EFBC}") = "TDDBC横浜", "TDDBC横浜\TDDBC横浜.csproj", "{B7BBE60F-B23E-4EB5-B624-4E94250E73C4}"
EndProject
Global
	GlobalSection(SolutionConfigurationPlatforms) = preSolution
		Debug|Any CPU = Debug|Any CPU
		Release|Any CPU = Release|Any CPU
	EndGlobalSection
	GlobalSection(ProjectConfigurationPlatforms) = postSolution
		{B7BBE60F-B23E-4EB5-B624-4E94250E73C4}.Debug|Any CPU.ActiveCfg = Debug|Any CPU
		{B7BBE60F-B23E-4EB5-B624-4E94250E73C4}.Debug|Any CPU.Build.0 = Debug|Any CPU
		{B7BBE60F-B23E-4EB5-B624-4E94250E73C4}.Release|Any CPU.ActiveCfg = Release|Any CPU
		{B7BBE60F-B23E-4EB5-B624-4E94250E73C4}.Release|Any CPU.Build.0 = Release|Any CPU
	EndGlobalSection
	GlobalSection(SolutionProperties) = preSolution
		HideSolutionNode = FALSE
	EndGlobalSection
EndGlobal
